Microsoft Visual Studio Solution File, Format Version 12.00
# Visual Studio Version 17
VisualStudioVersion = 17.5.2.0
MinimumVisualStudioVersion = 10.0.40219.1
Project("{FAE04EC0-301F-11D3-BF4B-00C04F79EFBC}") = "Software Design And Development", "Software Design And Development.csproj", "{A89049E2-0C47-7639-7D4F-D8308CF4E07C}"
EndProject
Global
	GlobalSection(SolutionConfigurationPlatforms) = preSolution
		Debug|Any CPU = Debug|Any CPU
		Release|Any CPU = Release|Any CPU
	EndGlobalSection
	GlobalSection(ProjectConfigurationPlatforms) = postSolution
		{A89049E2-0C47-7639-7D4F-D8308CF4E07C}.Debug|Any CPU.ActiveCfg = Debug|Any CPU
		{A89049E2-0C47-7639-7D4F-D8308CF4E07C}.Debug|Any CPU.Build.0 = Debug|Any CPU
		{A89049E2-0C47-7639-7D4F-D8308CF4E07C}.Release|Any CPU.ActiveCfg = Release|Any CPU
		{A89049E2-0C47-7639-7D4F-D8308CF4E07C}.Release|Any CPU.Build.0 = Release|Any CPU
	EndGlobalSection
	GlobalSection(SolutionProperties) = preSolution
		HideSolutionNode = FALSE
	EndGlobalSection
	GlobalSection(ExtensibilityGlobals) = postSolution
		SolutionGuid = {6217E0EF-C00D-48CD-AB31-D9689421DDE1}
	EndGlobalSection
EndGlobal
